{
  "name": "expiring-names-index",
  "version": "1.0.0",
  "lockfileVersion": 2,
  "requires": true,
  "packages": {
    "": {
      "name": "expiring-names-index",
      "version": "1.0.0",
      "license": "MIT",
      "dependencies": {
        "bdb": "^1.3.0",
        "hs-client": "^0.0.10",
        "punycode": "^2.1.1"
      }
    },
    "node_modules/bcfg": {
      "version": "0.1.7",
      "resolved": "https://registry.npmjs.org/bcfg/-/bcfg-0.1.7.tgz",
      "integrity": "sha512-+4beq5bXwfmxdcEoHYQsaXawh1qFzjLcRvPe5k5ww/NEWzZTm56Jk8LuPmfeGB7X584jZ8xGq6UgMaZnNDa5Ww==",
      "dependencies": {
        "bsert": "~0.0.10"
      },
      "engines": {
        "node": ">=8.0.0"
      }
    },
    "node_modules/bcurl": {
      "version": "0.1.10",
      "resolved": "https://registry.npmjs.org/bcurl/-/bcurl-0.1.10.tgz",
      "integrity": "sha512-NPxrIkc61tI2FvuibKW8IHaWs7YpgGvOWTgYEJYoE0vOiCvjuL6PXeKYq6bZqadeZfQ6v+R74qvj3Siiv+/Pvg==",
      "dependencies": {
        "brq": "~0.1.8",
        "bsert": "~0.0.10",
        "bsock": "~0.1.9"
      },
      "engines": {
        "node": ">=8.0.0"
      }
    },
    "node_modules/bdb": {
      "version": "1.3.0",
      "resolved": "https://registry.npmjs.org/bdb/-/bdb-1.3.0.tgz",
      "integrity": "sha512-oJnWnHOTcnJhazwpEzQvPFtSR1IdHtS3PczuLY3klgZTTtRUbARX7tdphQS8iNUUwEVMfuO93eHDWwTICoeJlg==",
      "hasInstallScript": true,
      "dependencies": {
        "bsert": "~0.0.10",
        "loady": "~0.0.5"
      },
      "engines": {
        "node": ">=8.6.0"
      }
    },
    "node_modules/brq": {
      "version": "0.1.8",
      "resolved": "https://registry.npmjs.org/brq/-/brq-0.1.8.tgz",
      "integrity": "sha512-6SDY1lJMKXgt5TZ6voJQMH2zV1XPWWtm203PSkx3DSg9AYNYuRfOPFSBDkNemabzgpzFW9/neR4YhTvyJml8rQ==",
      "dependencies": {
        "bsert": "~0.0.10"
      },
      "engines": {
        "node": ">=8.0.0"
      }
    },
    "node_modules/bsert": {
      "version": "0.0.10",
      "resolved": "https://registry.npmjs.org/bsert/-/bsert-0.0.10.tgz",
      "integrity": "sha512-NHNwlac+WPy4t2LoNh8pXk8uaIGH3NSaIUbTTRXGpE2WEbq0te/tDykYHkFK57YKLPjv/aGHmbqvnGeVWDz57Q==",
      "engines": {
        "node": ">=8.0.0"
      }
    },
    "node_modules/bsock": {
      "version": "0.1.9",
      "resolved": "https://registry.npmjs.org/bsock/-/bsock-0.1.9.tgz",
      "integrity": "sha512-/l9Kg/c5o+n/0AqreMxh2jpzDMl1ikl4gUxT7RFNe3A3YRIyZkiREhwcjmqxiymJSRI/Qhew357xGn1SLw/xEw==",
      "dependencies": {
        "bsert": "~0.0.10"
      },
      "engines": {
        "node": ">=8.0.0"
      }
    },
    "node_modules/hs-client": {
      "version": "0.0.10",
      "resolved": "https://registry.npmjs.org/hs-client/-/hs-client-0.0.10.tgz",
      "integrity": "sha512-15tfeQEMRS1FZA0q9gFbQ1jYs8v4z9oKw9xFwVEyRuckn72hoVAglN4IrFxkOCDMYV7TWCY/nO/yNZp5njYFBw==",
      "dependencies": {
        "bcfg": "~0.1.7",
        "bcurl": "~0.1.9",
        "bsert": "~0.0.10"
      },
      "bin": {
        "hsd-cli": "bin/hsd-cli",
        "hsd-rpc": "bin/hsd-rpc",
        "hsw-cli": "bin/hsw-cli",
        "hsw-rpc": "bin/hsw-rpc"
      },
      "engines": {
        "node": ">=8.0.0"
      }
    },
    "node_modules/loady": {
      "version": "0.0.5",
      "resolved": "https://registry.npmjs.org/loady/-/loady-0.0.5.tgz",
      "integrity": "sha512-uxKD2HIj042/HBx77NBcmEPsD+hxCgAtjEWlYNScuUjIsh/62Uyu39GOR68TBR68v+jqDL9zfftCWoUo4y03sQ==",
      "engines": {
        "node": ">=8.0.0"
      }
    },
    "node_modules/punycode": {
      "version": "2.1.1",
      "resolved": "https://registry.npmjs.org/punycode/-/punycode-2.1.1.tgz",
      "integrity": "sha512-XRsRjdf+j5ml+y/6GKHPZbrF/8p2Yga0JPtdqTIY2Xe5ohJPD9saDJJLPvp9+NSBprVvevdXZybnj2cv8OEd0A==",
      "engines": {
        "node": ">=6"
      }
    }
  },
  "dependencies": {
    "bcfg": {
      "version": "0.1.7",
      "resolved": "https://registry.npmjs.org/bcfg/-/bcfg-0.1.7.tgz",
      "integrity": "sha512-+4beq5bXwfmxdcEoHYQsaXawh1qFzjLcRvPe5k5ww/NEWzZTm56Jk8LuPmfeGB7X584jZ8xGq6UgMaZnNDa5Ww==",
      "requires": {
        "bsert": "~0.0.10"
      }
    },
    "bcurl": {
      "version": "0.1.10",
      "resolved": "https://registry.npmjs.org/bcurl/-/bcurl-0.1.10.tgz",
      "integrity": "sha512-NPxrIkc61tI2FvuibKW8IHaWs7YpgGvOWTgYEJYoE0vOiCvjuL6PXeKYq6bZqadeZfQ6v+R74qvj3Siiv+/Pvg==",
      "requires": {
        "brq": "~0.1.8",
        "bsert": "~0.0.10",
        "bsock": "~0.1.9"
      }
    },
    "bdb": {
      "version": "1.3.0",
      "resolved": "https://registry.npmjs.org/bdb/-/bdb-1.3.0.tgz",
      "integrity": "sha512-oJnWnHOTcnJhazwpEzQvPFtSR1IdHtS3PczuLY3klgZTTtRUbARX7tdphQS8iNUUwEVMfuO93eHDWwTICoeJlg==",
      "requires": {
        "bsert": "~0.0.10",
        "loady": "~0.0.5"
      }
    },
    "brq": {
      "version": "0.1.8",
      "resolved": "https://registry.npmjs.org/brq/-/brq-0.1.8.tgz",
      "integrity": "sha512-6SDY1lJMKXgt5TZ6voJQMH2zV1XPWWtm203PSkx3DSg9AYNYuRfOPFSBDkNemabzgpzFW9/neR4YhTvyJml8rQ==",
      "requires": {
        "bsert": "~0.0.10"
      }
    },
    "bsert": {
      "version": "0.0.10",
      "resolved": "https://registry.npmjs.org/bsert/-/bsert-0.0.10.tgz",
      "integrity": "sha512-NHNwlac+WPy4t2LoNh8pXk8uaIGH3NSaIUbTTRXGpE2WEbq0te/tDykYHkFK57YKLPjv/aGHmbqvnGeVWDz57Q=="
    },
    "bsock": {
      "version": "0.1.9",
      "resolved": "https://registry.npmjs.org/bsock/-/bsock-0.1.9.tgz",
      "integrity": "sha512-/l9Kg/c5o+n/0AqreMxh2jpzDMl1ikl4gUxT7RFNe3A3YRIyZkiREhwcjmqxiymJSRI/Qhew357xGn1SLw/xEw==",
      "requires": {
        "bsert": "~0.0.10"
      }
    },
    "hs-client": {
      "version": "0.0.10",
      "resolved": "https://registry.npmjs.org/hs-client/-/hs-client-0.0.10.tgz",
      "integrity": "sha512-15tfeQEMRS1FZA0q9gFbQ1jYs8v4z9oKw9xFwVEyRuckn72hoVAglN4IrFxkOCDMYV7TWCY/nO/yNZp5njYFBw==",
      "requires": {
        "bcfg": "~0.1.7",
        "bcurl": "~0.1.9",
        "bsert": "~0.0.10"
      }
    },
    "loady": {
      "version": "0.0.5",
      "resolved": "https://registry.npmjs.org/loady/-/loady-0.0.5.tgz",
      "integrity": "sha512-uxKD2HIj042/HBx77NBcmEPsD+hxCgAtjEWlYNScuUjIsh/62Uyu39GOR68TBR68v+jqDL9zfftCWoUo4y03sQ=="
    },
    "punycode": {
      "version": "2.1.1",
      "resolved": "https://registry.npmjs.org/punycode/-/punycode-2.1.1.tgz",
      "integrity": "sha512-XRsRjdf+j5ml+y/6GKHPZbrF/8p2Yga0JPtdqTIY2Xe5ohJPD9saDJJLPvp9+NSBprVvevdXZybnj2cv8OEd0A=="
    }
  }
}
